
Microsoft Visual Studio Solution File, Format Version 12.00
# Visual Studio Version 16
VisualStudioVersion = 16.0.31208.332
MinimumVisualStudioVersion = 10.0.40219.1
Project("{9A19103F-16F7-4668-BE54-9A1E7A4F7556}") = "HelloMaui", "HelloMaui.csproj", "{9CBD423A-C580-4E4E-8D82-53B149E7807F}"
EndProject
Global
	GlobalSection(SolutionConfigurationPlatforms) = preSolution
		Debug|Any CPU = Debug|Any CPU
		Release|Any CPU = Release|Any CPU
	EndGlobalSection
	GlobalSection(ProjectConfigurationPlatforms) = postSolution
		{9CBD423A-C580-4E4E-8D82-53B149E7807F}.Debug|Any CPU.ActiveCfg = Debug|Any CPU
		{9CBD423A-C580-4E4E-8D82-53B149E7807F}.Debug|Any CPU.Build.0 = Debug|Any CPU
		{9CBD423A-C580-4E4E-8D82-53B149E7807F}.Debug|Any CPU.Deploy.0 = Debug|Any CPU
		{9CBD423A-C580-4E4E-8D82-53B149E7807F}.Release|Any CPU.ActiveCfg = Release|Any CPU
		{9CBD423A-C580-4E4E-8D82-53B149E7807F}.Release|Any CPU.Build.0 = Release|Any CPU
		{9CBD423A-C580-4E4E-8D82-53B149E7807F}.Release|Any CPU.Deploy.0 = Release|Any CPU
	EndGlobalSection
	GlobalSection(SolutionProperties) = preSolution
		HideSolutionNode = FALSE
	EndGlobalSection
	GlobalSection(ExtensibilityGlobals) = postSolution
		SolutionGuid = {F17BF717-798F-4AB0-8B2A-E68F04D1B972}
	EndGlobalSection
EndGlobal
